
Microsoft Visual Studio Solution File, Format Version 12.00
# Visual Studio 15
VisualStudioVersion = 15.0.28307.1209
MinimumVisualStudioVersion = 10.0.40219.1
Project("{FAE04EC0-301F-11D3-BF4B-00C04F79EFBC}") = "Encriptador", "Encriptador\Encriptador.csproj", "{05501D2E-6E89-4B29-809C-B563F3DA3BD7}"
EndProject
Global
	GlobalSection(SolutionConfigurationPlatforms) = preSolution
		Debug|Any CPU = Debug|Any CPU
		Release|Any CPU = Release|Any CPU
	EndGlobalSection
	GlobalSection(ProjectConfigurationPlatforms) = postSolution
		{05501D2E-6E89-4B29-809C-B563F3DA3BD7}.Debug|Any CPU.ActiveCfg = Debug|Any CPU
		{05501D2E-6E89-4B29-809C-B563F3DA3BD7}.Debug|Any CPU.Build.0 = Debug|Any CPU
		{05501D2E-6E89-4B29-809C-B563F3DA3BD7}.Release|Any CPU.ActiveCfg = Release|Any CPU
		{05501D2E-6E89-4B29-809C-B563F3DA3BD7}.Release|Any CPU.Build.0 = Release|Any CPU
	EndGlobalSection
	GlobalSection(SolutionProperties) = preSolution
		HideSolutionNode = FALSE
	EndGlobalSection
	GlobalSection(ExtensibilityGlobals) = postSolution
		SolutionGuid = {9333E960-4497-4295-8375-6B75C0EF359D}
	EndGlobalSection
EndGlobal
